
Microsoft Visual Studio Solution File, Format Version 12.00
# Visual Studio Version 17
VisualStudioVersion = 17.13.35919.96 d17.13
MinimumVisualStudioVersion = 10.0.40219.1
Project("{FAE04EC0-301F-11D3-BF4B-00C04F79EFBC}") = "OOPConsoleProject", "OOPConsoleProject\OOPConsoleProject.csproj", "{AFDFBA69-6D02-4E26-88D0-817FA6E79BDA}"
EndProject
Global
	GlobalSection(SolutionConfigurationPlatforms) = preSolution
		Debug|Any CPU = Debug|Any CPU
		Release|Any CPU = Release|Any CPU
	EndGlobalSection
	GlobalSection(ProjectConfigurationPlatforms) = postSolution
		{AFDFBA69-6D02-4E26-88D0-817FA6E79BDA}.Debug|Any CPU.ActiveCfg = Debug|Any CPU
		{AFDFBA69-6D02-4E26-88D0-817FA6E79BDA}.Debug|Any CPU.Build.0 = Debug|Any CPU
		{AFDFBA69-6D02-4E26-88D0-817FA6E79BDA}.Release|Any CPU.ActiveCfg = Release|Any CPU
		{AFDFBA69-6D02-4E26-88D0-817FA6E79BDA}.Release|Any CPU.Build.0 = Release|Any CPU
	EndGlobalSection
	GlobalSection(SolutionProperties) = preSolution
		HideSolutionNode = FALSE
	EndGlobalSection
	GlobalSection(ExtensibilityGlobals) = postSolution
		SolutionGuid = {54462600-FD1E-47C7-BE22-D629DC9335C9}
	EndGlobalSection
EndGlobal
